// !$*UTF8*$!
{
	archiveVersion = 1;
	classes = {
	};
	objectVersion = 46;
	objects = {

/* Begin PBXBuildFile section */
		95B10C961E65D7650085CE56 /* AppDelegate.swift in Sources */ = {isa = PBXBuildFile; fileRef = 95B10C951E65D7650085CE56 /* AppDelegate.swift */; };
		95B10C981E65D7650085CE56 /* ViewController.swift in Sources */ = {isa = PBXBuildFile; fileRef = 95B10C971E65D7650085CE56 /* ViewController.swift */; };
		95B10C9B1E65D7650085CE56 /* Main.storyboard in Resources */ = {isa = PBXBuildFile; fileRef = 95B10C991E65D7650085CE56 /* Main.storyboard */; };
		95B10C9D1E65D7650085CE56 /* Assets.xcassets in Resources */ = {isa = PBXBuildFile; fileRef = 95B10C9C1E65D7650085CE56 /* Assets.xcassets */; };
		95B10CA01E65D7650085CE56 /* LaunchScreen.storyboard in Resources */ = {isa = PBXBuildFile; fileRef = 95B10C9E1E65D7650085CE56 /* LaunchScreen.storyboard */; };
		95B10CAE1E65DF600085CE56 /* DroneAppTests.swift in Sources */ = {isa = PBXBuildFile; fileRef = 95B10CAD1E65DF600085CE56 /* DroneAppTests.swift */; };
		95B10CBC1E65E0700085CE56 /* DroneAppUITests.swift in Sources */ = {isa = PBXBuildFile; fileRef = 95B10CBB1E65E0700085CE56 /* DroneAppUITests.swift */; };
/* End PBXBuildFile section */

/* Begin PBXContainerItemProxy section */
		95B10CB01E65DF600085CE56 /* PBXContainerItemProxy */ = {
			isa = PBXContainerItemProxy;
			containerPortal = 95B10C8A1E65D7650085CE56 /* Project object */;
			proxyType = 1;
			remoteGlobalIDString = 95B10C911E65D7650085CE56;
			remoteInfo = DroneApp;
		};
		95B10CBE1E65E0700085CE56 /* PBXContainerItemProxy */ = {
			isa = PBXContainerItemProxy;
			containerPortal = 95B10C8A1E65D7650085CE56 /* Project object */;
			proxyType = 1;
			remoteGlobalIDString = 95B10C911E65D7650085CE56;
			remoteInfo = DroneApp;
		};
/* End PBXContainerItemProxy section */

/* Begin PBXFileReference section */
		95B10C921E65D7650085CE56 /* DroneApp.app */ = {isa = PBXFileReference; explicitFileType = wrapper.application; includeInIndex = 0; path = DroneApp.app; sourceTree = BUILT_PRODUCTS_DIR; };
		95B10C951E65D7650085CE56 /* AppDelegate.swift */ = {isa = PBXFileReference; lastKnownFileType = sourcecode.swift; path = AppDelegate.swift; sourceTree = "<group>"; };
		95B10C971E65D7650085CE56 /* ViewController.swift */ = {isa = PBXFileReference; lastKnownFileType = sourcecode.swift; path = ViewController.swift; sourceTree = "<group>"; };
		95B10C9A1E65D7650085CE56 /* Base */ = {isa = PBXFileReference; lastKnownFileType = file.storyboard; name = Base; path = Base.lproj/Main.storyboard; sourceTree = "<group>"; };
		95B10C9C1E65D7650085CE56 /* Assets.xcassets */ = {isa = PBXFileReference; lastKnownFileType = folder.assetcatalog; path = Assets.xcassets; sourceTree = "<group>"; };
		95B10C9F1E65D7650085CE56 /* Base */ = {isa = PBXFileReference; lastKnownFileType = file.storyboard; name = Base; path = Base.lproj/LaunchScreen.storyboard; sourceTree = "<group>"; };
		95B10CA11E65D7650085CE56 /* Info.plist */ = {isa = PBXFileReference; lastKnownFileType = text.plist.xml; path = Info.plist; sourceTree = "<group>"; };
		95B10CAB1E65DF600085CE56 /* DroneAppTests.xctest */ = {isa = PBXFileReference; explicitFileType = wrapper.cfbundle; includeInIndex = 0; path = DroneAppTests.xctest; sourceTree = BUILT_PRODUCTS_DIR; };
		95B10CAD1E65DF600085CE56 /* DroneAppTests.swift */ = {isa = PBXFileReference; lastKnownFileType = sourcecode.swift; path = DroneAppTests.swift; sourceTree = "<group>"; };
		95B10CAF1E65DF600085CE56 /* Info.plist */ = {isa = PBXFileReference; lastKnownFileType = text.plist.xml; path = Info.plist; sourceTree = "<group>"; };
		95B10CB91E65E0700085CE56 /* DroneAppUITests.xctest */ = {isa = PBXFileReference; explicitFileType = wrapper.cfbundle; includeInIndex = 0; path = DroneAppUITests.xctest; sourceTree = BUILT_PRODUCTS_DIR; };
		95B10CBB1E65E0700085CE56 /* DroneAppUITests.swift */ = {isa = PBXFileReference; lastKnownFileType = sourcecode.swift; path = DroneAppUITests.swift; sourceTree = "<group>"; };
		95B10CBD1E65E0700085CE56 /* Info.plist */ = {isa = PBXFileReference; lastKnownFileType = text.plist.xml; path = Info.plist; sourceTree = "<group>"; };
/* End PBXFileReference section */

/* Begin PBXFrameworksBuildPhase section */
		95B10C8F1E65D7650085CE56 /* Frameworks */ = {
			isa = PBXFrameworksBuildPhase;
			buildActionMask = 2147483647;
			files = (
			);
			runOnlyForDeploymentPostprocessing = 0;
		};
		95B10CA81E65DF600085CE56 /* Frameworks */ = {
			isa = PBXFrameworksBuildPhase;
			buildActionMask = 2147483647;
			files = (
			);
			runOnlyForDeploymentPostprocessing = 0;
		};
		95B10CB61E65E0700085CE56 /* Frameworks */ = {
			isa = PBXFrameworksBuildPhase;
			buildActionMask = 2147483647;
			files = (
			);
			runOnlyForDeploymentPostprocessing = 0;
		};
/* End PBXFrameworksBuildPhase section */

/* Begin PBXGroup section */
		95B10C891E65D7650085CE56 = {
			isa = PBXGroup;
			children = (
				95B10C941E65D7650085CE56 /* DroneApp */,
				95B10CAC1E65DF600085CE56 /* DroneAppTests */,
				95B10CBA1E65E0700085CE56 /* DroneAppUITests */,
				95B10C931E65D7650085CE56 /* Products */,
			);
			sourceTree = "<group>";
		};
		95B10C931E65D7650085CE56 /* Products */ = {
			isa = PBXGroup;
			children = (
				95B10C921E65D7650085CE56 /* DroneApp.app */,
				95B10CAB1E65DF600085CE56 /* DroneAppTests.xctest */,
				95B10CB91E65E0700085CE56 /* DroneAppUITests.xctest */,
			);
			name = Products;
			sourceTree = "<group>";
		};
		95B10C941E65D7650085CE56 /* DroneApp */ = {
			isa = PBXGroup;
			children = (
				95B10C951E65D7650085CE56 /* AppDelegate.swift */,
				95B10C971E65D7650085CE56 /* ViewController.swift */,
				95B10C991E65D7650085CE56 /* Main.storyboard */,
				95B10C9C1E65D7650085CE56 /* Assets.xcassets */,
				95B10C9E1E65D7650085CE56 /* LaunchScreen.storyboard */,
				95B10CA11E65D7650085CE56 /* Info.plist */,
			);
			path = DroneApp;
			sourceTree = "<group>";
		};
		95B10CAC1E65DF600085CE56 /* DroneAppTests */ = {
			isa = PBXGroup;
			children = (
				95B10CAD1E65DF600085CE56 /* DroneAppTests.swift */,
				95B10CAF1E65DF600085CE56 /* Info.plist */,
			);
			path = DroneAppTests;
			sourceTree = "<group>";
		};
		95B10CBA1E65E0700085CE56 /* DroneAppUITests */ = {
			isa = PBXGroup;
			children = (
				95B10CBB1E65E0700085CE56 /* DroneAppUITests.swift */,
				95B10CBD1E65E0700085CE56 /* Info.plist */,
			);
			path = DroneAppUITests;
			sourceTree = "<group>";
		};
/* End PBXGroup section */

/* Begin PBXNativeTarget section */
		95B10C911E65D7650085CE56 /* DroneApp */ = {
			isa = PBXNativeTarget;
			buildConfigurationList = 95B10CA41E65D7650085CE56 /* Build configuration list for PBXNativeTarget "DroneApp" */;
			buildPhases = (
				95B10C8E1E65D7650085CE56 /* Sources */,
				95B10C8F1E65D7650085CE56 /* Frameworks */,
				95B10C901E65D7650085CE56 /* Resources */,
			);
			buildRules = (
			);
			dependencies = (
			);
			name = DroneApp;
			productName = DroneApp;
			productReference = 95B10C921E65D7650085CE56 /* DroneApp.app */;
			productType = "com.apple.product-type.application";
		};
		95B10CAA1E65DF600085CE56 /* DroneAppTests */ = {
			isa = PBXNativeTarget;
			buildConfigurationList = 95B10CB21E65DF600085CE56 /* Build configuration list for PBXNativeTarget "DroneAppTests" */;
			buildPhases = (
				95B10CA71E65DF600085CE56 /* Sources */,
				95B10CA81E65DF600085CE56 /* Frameworks */,
				95B10CA91E65DF600085CE56 /* Resources */,
			);
			buildRules = (
			);
			dependencies = (
				95B10CB11E65DF600085CE56 /* PBXTargetDependency */,
			);
			name = DroneAppTests;
			productName = DroneAppTests;
			productReference = 95B10CAB1E65DF600085CE56 /* DroneAppTests.xctest */;
			productType = "com.apple.product-type.bundle.unit-test";
		};
		95B10CB81E65E0700085CE56 /* DroneAppUITests */ = {
			isa = PBXNativeTarget;
			buildConfigurationList = 95B10CC01E65E0700085CE56 /* Build configuration list for PBXNativeTarget "DroneAppUITests" */;
			buildPhases = (
				95B10CB51E65E0700085CE56 /* Sources */,
				95B10CB61E65E0700085CE56 /* Frameworks */,
				95B10CB71E65E0700085CE56 /* Resources */,
			);
			buildRules = (
			);
			dependencies = (
				95B10CBF1E65E0700085CE56 /* PBXTargetDependency */,
			);
			name = DroneAppUITests;
			productName = DroneAppUITests;
			productReference = 95B10CB91E65E0700085CE56 /* DroneAppUITests.xctest */;
			productType = "com.apple.product-type.bundle.ui-testing";
		};
/* End PBXNativeTarget section */

/* Begin PBXProject section */
		95B10C8A1E65D7650085CE56 /* Project object */ = {
			isa = PBXProject;
			attributes = {
				LastSwiftUpdateCheck = 0800;
				LastUpgradeCheck = 0800;
				ORGANIZATIONNAME = Ashwin;
				TargetAttributes = {
					95B10C911E65D7650085CE56 = {
						CreatedOnToolsVersion = 8.0;
						DevelopmentTeam = 94CHBP8FZD;
						ProvisioningStyle = Automatic;
					};
					95B10CAA1E65DF600085CE56 = {
						CreatedOnToolsVersion = 8.0;
						DevelopmentTeam = 94CHBP8FZD;
						ProvisioningStyle = Automatic;
						TestTargetID = 95B10C911E65D7650085CE56;
					};
					95B10CB81E65E0700085CE56 = {
						CreatedOnToolsVersion = 8.0;
						ProvisioningStyle = Automatic;
						TestTargetID = 95B10C911E65D7650085CE56;
					};
				};
			};
			buildConfigurationList = 95B10C8D1E65D7650085CE56 /* Build configuration list for PBXProject "DroneApp" */;
			compatibilityVersion = "Xcode 3.2";
			developmentRegion = English;
			hasScannedForEncodings = 0;
			knownRegions = (
				en,
				Base,
			);
			mainGroup = 95B10C891E65D7650085CE56;
			productRefGroup = 95B10C931E65D7650085CE56 /* Products */;
			projectDirPath = "";
			projectRoot = "";
			targets = (
				95B10C911E65D7650085CE56 /* DroneApp */,
				95B10CAA1E65DF600085CE56 /* DroneAppTests */,
				95B10CB81E65E0700085CE56 /* DroneAppUITests */,
			);
		};
/* End PBXProject section */

/* Begin PBXResourcesBuildPhase section */
		95B10C901E65D7650085CE56 /* Resources */ = {
			isa = PBXResourcesBuildPhase;
			buildActionMask = 2147483647;
			files = (
				95B10CA01E65D7650085CE56 /* LaunchScreen.storyboard in Resources */,
				95B10C9D1E65D7650085CE56 /* Assets.xcassets in Resources */,
				95B10C9B1E65D7650085CE56 /* Main.storyboard in Resources */,
			);
			runOnlyForDeploymentPostprocessing = 0;
		};
		95B10CA91E65DF600085CE56 /* Resources */ = {
			isa = PBXResourcesBuildPhase;
			buildActionMask = 2147483647;
			files = (
			);
			runOnlyForDeploymentPostprocessing = 0;
		};
		95B10CB71E65E0700085CE56 /* Resources */ = {
			isa = PBXResourcesBuildPhase;
			buildActionMask = 2147483647;
			files = (
			);
			runOnlyForDeploymentPostprocessing = 0;
		};
/* End PBXResourcesBuildPhase section */

/* Begin PBXSourcesBuildPhase section */
		95B10C8E1E65D7650085CE56 /* Sources */ = {
			isa = PBXSourcesBuildPhase;
			buildActionMask = 2147483647;
			files = (
				95B10C981E65D7650085CE56 /* ViewController.swift in Sources */,
				95B10C961E65D7650085CE56 /* AppDelegate.swift in Sources */,
			);
			runOnlyForDeploymentPostprocessing = 0;
		};
		95B10CA71E65DF600085CE56 /* Sources */ = {
			isa = PBXSourcesBuildPhase;
			buildActionMask = 2147483647;
			files = (
				95B10CAE1E65DF600085CE56 /* DroneAppTests.swift in Sources */,
			);
			runOnlyForDeploymentPostprocessing = 0;
		};
		95B10CB51E65E0700085CE56 /* Sources */ = {
			isa = PBXSourcesBuildPhase;
			buildActionMask = 2147483647;
			files = (
				95B10CBC1E65E0700085CE56 /* DroneAppUITests.swift in Sources */,
			);
			runOnlyForDeploymentPostprocessing = 0;
		};
/* End PBXSourcesBuildPhase section */

/* Begin PBXTargetDependency section */
		95B10CB11E65DF600085CE56 /* PBXTargetDependency */ = {
			isa = PBXTargetDependency;
			target = 95B10C911E65D7650085CE56 /* DroneApp */;
			targetProxy = 95B10CB01E65DF600085CE56 /* PBXContainerItemProxy */;
		};
		95B10CBF1E65E0700085CE56 /* PBXTargetDependency */ = {
			isa = PBXTargetDependency;
			target = 95B10C911E65D7650085CE56 /* DroneApp */;
			targetProxy = 95B10CBE1E65E0700085CE56 /* PBXContainerItemProxy */;
		};
/* End PBXTargetDependency section */

/* Begin PBXVariantGroup section */
		95B10C991E65D7650085CE56 /* Main.storyboard */ = {
			isa = PBXVariantGroup;
			children = (
				95B10C9A1E65D7650085CE56 /* Base */,
			);
			name = Main.storyboard;
			sourceTree = "<group>";
		};
		95B10C9E1E65D7650085CE56 /* LaunchScreen.storyboard */ = {
			isa = PBXVariantGroup;
			children = (
				95B10C9F1E65D7650085CE56 /* Base */,
			);
			name = LaunchScreen.storyboard;
			sourceTree = "<group>";
		};
/* End PBXVariantGroup section */

/* Begin XCBuildConfiguration section */
		95B10CA21E65D7650085CE56 /* Debug */ = {
			isa = XCBuildConfiguration;
			buildSettings = {
				ALWAYS_SEARCH_USER_PATHS = NO;
				CLANG_ANALYZER_NONNULL = YES;
				CLANG_CXX_LANGUAGE_STANDARD = "gnu++0x";
				CLANG_CXX_LIBRARY = "libc++";
				CLANG_ENABLE_MODULES = YES;
				CLANG_ENABLE_OBJC_ARC = YES;
				CLANG_WARN_BOOL_CONVERSION = YES;
				CLANG_WARN_CONSTANT_CONVERSION = YES;
				CLANG_WARN_DIRECT_OBJC_ISA_USAGE = YES_ERROR;
				CLANG_WARN_DOCUMENTATION_COMMENTS = YES;
				CLANG_WARN_EMPTY_BODY = YES;
				CLANG_WARN_ENUM_CONVERSION = YES;
				CLANG_WARN_INFINITE_RECURSION = YES;
				CLANG_WARN_INT_CONVERSION = YES;
				CLANG_WARN_OBJC_ROOT_CLASS = YES_ERROR;
				CLANG_WARN_SUSPICIOUS_MOVES = YES;
				CLANG_WARN_UNREACHABLE_CODE = YES;
				CLANG_WARN__DUPLICATE_METHOD_MATCH = YES;
				"CODE_SIGN_IDENTITY[sdk=iphoneos*]" = "iPhone Developer";
				COPY_PHASE_STRIP = NO;
				DEBUG_INFORMATION_FORMAT = dwarf;
				ENABLE_STRICT_OBJC_MSGSEND = YES;
				ENABLE_TESTABILITY = YES;
				GCC_C_LANGUAGE_STANDARD = gnu99;
				GCC_DYNAMIC_NO_PIC = NO;
				GCC_NO_COMMON_BLOCKS = YES;
				GCC_OPTIMIZATION_LEVEL = 0;
				GCC_PREPROCESSOR_DEFINITIONS = (
					"DEBUG=1",
					"$(inherited)",
				);
				GCC_WARN_64_TO_32_BIT_CONVERSION = YES;
				GCC_WARN_ABOUT_RETURN_TYPE = YES_ERROR;
				GCC_WARN_UNDECLARED_SELECTOR = YES;
				GCC_WARN_UNINITIALIZED_AUTOS = YES_AGGRESSIVE;
				GCC_WARN_UNUSED_FUNCTION = YES;
				GCC_WARN_UNUSED_VARIABLE = YES;
				IPHONEOS_DEPLOYMENT_TARGET = 10.0;
				MTL_ENABLE_DEBUG_INFO = YES;
				ONLY_ACTIVE_ARCH = YES;
				SDKROOT = iphoneos;
				SWIFT_ACTIVE_COMPILATION_CONDITIONS = DEBUG;
				SWIFT_OPTIMIZATION_LEVEL = "-Onone";
			};
			name = Debug;
		};
		95B10CA31E65D7650085CE56 /* Release */ = {
			isa = XCBuildConfiguration;
			buildSettings = {
				ALWAYS_SEARCH_USER_PATHS = NO;
				CLANG_ANALYZER_NONNULL = YES;
				CLANG_CXX_LANGUAGE_STANDARD = "gnu++0x";
				CLANG_CXX_LIBRARY = "libc++";
				CLANG_ENABLE_MODULES = YES;
				CLANG_ENABLE_OBJC_ARC = YES;
				CLANG_WARN_BOOL_CONVERSION = YES;
				CLANG_WARN_CONSTANT_CONVERSION = YES;
				CLANG_WARN_DIRECT_OBJC_ISA_USAGE = YES_ERROR;
				CLANG_WARN_DOCUMENTATION_COMMENTS = YES;
				CLANG_WARN_EMPTY_BODY = YES;
				CLANG_WARN_ENUM_CONVERSION = YES;
				CLANG_WARN_INFINITE_RECURSION = YES;
				CLANG_WARN_INT_CONVERSION = YES;
				CLANG_WARN_OBJC_ROOT_CLASS = YES_ERROR;
				CLANG_WARN_SUSPICIOUS_MOVES = YES;
				CLANG_WARN_UNREACHABLE_CODE = YES;
				CLANG_WARN__DUPLICATE_METHOD_MATCH = YES;
				"CODE_SIGN_IDENTITY[sdk=iphoneos*]" = "iPhone Developer";
				COPY_PHASE_STRIP = NO;
				DEBUG_INFORMATION_FORMAT = "dwarf-with-dsym";
				ENABLE_NS_ASSERTIONS = NO;
				ENABLE_STRICT_OBJC_MSGSEND = YES;
				GCC_C_LANGUAGE_STANDARD = gnu99;
				GCC_NO_COMMON_BLOCKS = YES;
				GCC_WARN_64_TO_32_BIT_CONVERSION = YES;
				GCC_WARN_ABOUT_RETURN_TYPE = YES_ERROR;
				GCC_WARN_UNDECLARED_SELECTOR = YES;
				GCC_WARN_UNINITIALIZED_AUTOS = YES_AGGRESSIVE;
				GCC_WARN_UNUSED_FUNCTION = YES;
				GCC_WARN_UNUSED_VARIABLE = YES;
				IPHONEOS_DEPLOYMENT_TARGET = 10.0;
				MTL_ENABLE_DEBUG_INFO = NO;
				SDKROOT = iphoneos;
				SWIFT_OPTIMIZATION_LEVEL = "-Owholemodule";
				VALIDATE_PRODUCT = YES;
			};
			name = Release;
		};
		95B10CA51E65D7650085CE56 /* Debug */ = {
			isa = XCBuildConfiguration;
			buildSettings = {
				ASSETCATALOG_COMPILER_APPICON_NAME = AppIcon;
				DEVELOPMENT_TEAM = 94CHBP8FZD;
				INFOPLIST_FILE = DroneApp/Info.plist;
				IPHONEOS_DEPLOYMENT_TARGET = 10.0;
				LD_RUNPATH_SEARCH_PATHS = "$(inherited) @executable_path/Frameworks";
				PRODUCT_BUNDLE_IDENTIFIER = arwin.DroneApp;
				PRODUCT_NAME = "$(TARGET_NAME)";
				SWIFT_VERSION = 3.0;
			};
			name = Debug;
		};
		95B10CA61E65D7650085CE56 /* Release */ = {
			isa = XCBuildConfiguration;
			buildSettings = {
				ASSETCATALOG_COMPILER_APPICON_NAME = AppIcon;
				DEVELOPMENT_TEAM = 94CHBP8FZD;
				INFOPLIST_FILE = DroneApp/Info.plist;
				IPHONEOS_DEPLOYMENT_TARGET = 10.0;
				LD_RUNPATH_SEARCH_PATHS = "$(inherited) @executable_path/Frameworks";
				PRODUCT_BUNDLE_IDENTIFIER = arwin.DroneApp;
				PRODUCT_NAME = "$(TARGET_NAME)";
				SWIFT_VERSION = 3.0;
			};
			name = Release;
		};
		95B10CB31E65DF600085CE56 /* Debug */ = {
			isa = XCBuildConfiguration;
			buildSettings = {
				BUNDLE_LOADER = "$(TEST_HOST)";
				DEVELOPMENT_TEAM = 94CHBP8FZD;
				INFOPLIST_FILE = DroneAppTests/Info.plist;
				LD_RUNPATH_SEARCH_PATHS = "$(inherited) @executable_path/Frameworks @loader_path/Frameworks";
				PRODUCT_BUNDLE_IDENTIFIER = arwin.DroneAppTests;
				PRODUCT_NAME = "$(TARGET_NAME)";
				SWIFT_VERSION = 3.0;
				TEST_HOST = "$(BUILT_PRODUCTS_DIR)/DroneApp.app/DroneApp";
			};
			name = Debug;
		};
		95B10CB41E65DF600085CE56 /* Release */ = {
			isa = XCBuildConfiguration;
			buildSettings = {
				BUNDLE_LOADER = "$(TEST_HOST)";
				DEVELOPMENT_TEAM = 94CHBP8FZD;
				INFOPLIST_FILE = DroneAppTests/Info.plist;
				LD_RUNPATH_SEARCH_PATHS = "$(inherited) @executable_path/Frameworks @loader_path/Frameworks";
				PRODUCT_BUNDLE_IDENTIFIER = arwin.DroneAppTests;
				PRODUCT_NAME = "$(TARGET_NAME)";
				SWIFT_VERSION = 3.0;
				TEST_HOST = "$(BUILT_PRODUCTS_DIR)/DroneApp.app/DroneApp";
			};
			name = Release;
		};
		95B10CC11E65E0700085CE56 /* Debug */ = {
			isa = XCBuildConfiguration;
			buildSettings = {
				INFOPLIST_FILE = DroneAppUITests/Info.plist;
				LD_RUNPATH_SEARCH_PATHS = "$(inherited) @executable_path/Frameworks @loader_path/Frameworks";
				PRODUCT_BUNDLE_IDENTIFIER = arwin.DroneAppUITests;
				PRODUCT_NAME = "$(TARGET_NAME)";
				SWIFT_VERSION = 3.0;
				TEST_TARGET_NAME = DroneApp;
			};
			name = Debug;
		};
		95B10CC21E65E0700085CE56 /* Release */ = {
			isa = XCBuildConfiguration;
			buildSettings = {
				INFOPLIST_FILE = DroneAppUITests/Info.plist;
				LD_RUNPATH_SEARCH_PATHS = "$(inherited) @executable_path/Frameworks @loader_path/Frameworks";
				PRODUCT_BUNDLE_IDENTIFIER = arwin.DroneAppUITests;
				PRODUCT_NAME = "$(TARGET_NAME)";
				SWIFT_VERSION = 3.0;
				TEST_TARGET_NAME = DroneApp;
			};
			name = Release;
		};
/* End XCBuildConfiguration section */

/* Begin XCConfigurationList section */
		95B10C8D1E65D7650085CE56 /* Build configuration list for PBXProject "DroneApp" */ = {
			isa = XCConfigurationList;
			buildConfigurations = (
				95B10CA21E65D7650085CE56 /* Debug */,
				95B10CA31E65D7650085CE56 /* Release */,
			);
			defaultConfigurationIsVisible = 0;
			defaultConfigurationName = Release;
		};
		95B10CA41E65D7650085CE56 /* Build configuration list for PBXNativeTarget "DroneApp" */ = {
			isa = XCConfigurationList;
			buildConfigurations = (
				95B10CA51E65D7650085CE56 /* Debug */,
				95B10CA61E65D7650085CE56 /* Release */,
			);
			defaultConfigurationIsVisible = 0;
		};
		95B10CB21E65DF600085CE56 /* Build configuration list for PBXNativeTarget "DroneAppTests" */ = {
			isa = XCConfigurationList;
			buildConfigurations = (
				95B10CB31E65DF600085CE56 /* Debug */,
				95B10CB41E65DF600085CE56 /* Release */,
			);
			defaultConfigurationIsVisible = 0;
		};
		95B10CC01E65E0700085CE56 /* Build configuration list for PBXNativeTarget "DroneAppUITests" */ = {
			isa = XCConfigurationList;
			buildConfigurations = (
				95B10CC11E65E0700085CE56 /* Debug */,
				95B10CC21E65E0700085CE56 /* Release */,
			);
			defaultConfigurationIsVisible = 0;
		};
/* End XCConfigurationList section */
	};
	rootObject = 95B10C8A1E65D7650085CE56 /* Project object */;
}
